// !$*UTF8*$!
{
	archiveVersion = 1;
	classes = {
	};
	objectVersion = 46;
	objects = {

/* Begin PBXBuildFile section */
		293BE9DE15B2034C00FD2853 /* UIKit.framework in Frameworks */ = {isa = PBXBuildFile; fileRef = 293BE9DD15B2034C00FD2853 /* UIKit.framework */; };
		293BE9E015B2034C00FD2853 /* Foundation.framework in Frameworks */ = {isa = PBXBuildFile; fileRef = 293BE9DF15B2034C00FD2853 /* Foundation.framework */; };
		293BE9E215B2034C00FD2853 /* CoreGraphics.framework in Frameworks */ = {isa = PBXBuildFile; fileRef = 293BE9E115B2034C00FD2853 /* CoreGraphics.framework */; };
		293BE9E815B2034C00FD2853 /* InfoPlist.strings in Resources */ = {isa = PBXBuildFile; fileRef = 293BE9E615B2034C00FD2853 /* InfoPlist.strings */; };
		293BE9EA15B2034C00FD2853 /* main.m in Sources */ = {isa = PBXBuildFile; fileRef = 293BE9E915B2034C00FD2853 /* main.m */; };
		293BE9EE15B2034C00FD2853 /* AppDelegate.m in Sources */ = {isa = PBXBuildFile; fileRef = 293BE9ED15B2034C00FD2853 /* AppDelegate.m */; };
		293BE9F115B2034C00FD2853 /* MainStoryboard_iPhone.storyboard in Resources */ = {isa = PBXBuildFile; fileRef = 293BE9EF15B2034C00FD2853 /* MainStoryboard_iPhone.storyboard */; };
		293BE9F415B2034C00FD2853 /* MainStoryboard_iPad.storyboard in Resources */ = {isa = PBXBuildFile; fileRef = 293BE9F215B2034C00FD2853 /* MainStoryboard_iPad.storyboard */; };
		293BE9F715B2034C00FD2853 /* GameViewController.m in Sources */ = {isa = PBXBuildFile; fileRef = 293BE9F615B2034C00FD2853 /* GameViewController.m */; };
		293BE9FF15B2034C00FD2853 /* SenTestingKit.framework in Frameworks */ = {isa = PBXBuildFile; fileRef = 293BE9FE15B2034C00FD2853 /* SenTestingKit.framework */; };
		293BEA0015B2034C00FD2853 /* UIKit.framework in Frameworks */ = {isa = PBXBuildFile; fileRef = 293BE9DD15B2034C00FD2853 /* UIKit.framework */; };
		293BEA0115B2034C00FD2853 /* Foundation.framework in Frameworks */ = {isa = PBXBuildFile; fileRef = 293BE9DF15B2034C00FD2853 /* Foundation.framework */; };
		293BEA0915B2034C00FD2853 /* InfoPlist.strings in Resources */ = {isa = PBXBuildFile; fileRef = 293BEA0715B2034C00FD2853 /* InfoPlist.strings */; };
		293BEA0C15B2034C00FD2853 /* mathTests.m in Sources */ = {isa = PBXBuildFile; fileRef = 293BEA0B15B2034C00FD2853 /* mathTests.m */; };
		293BEA1915B3386700FD2853 /* homeViewControllerViewController.m in Sources */ = {isa = PBXBuildFile; fileRef = 293BEA1815B3386700FD2853 /* homeViewControllerViewController.m */; };
		295C99AA19D892FC0055C2C5 /* Parse.framework in Frameworks */ = {isa = PBXBuildFile; fileRef = 29723079180F8FB4002B5F75 /* Parse.framework */; };
		295C99AE19D8B6C20055C2C5 /* HistoryViewController.m in Sources */ = {isa = PBXBuildFile; fileRef = 295C99AD19D8B6C20055C2C5 /* HistoryViewController.m */; };
		2972307C180F8FE1002B5F75 /* AudioToolbox.framework in Frameworks */ = {isa = PBXBuildFile; fileRef = 2972307B180F8FE1002B5F75 /* AudioToolbox.framework */; };
		2972307E180F8FE7002B5F75 /* CFNetwork.framework in Frameworks */ = {isa = PBXBuildFile; fileRef = 2972307D180F8FE7002B5F75 /* CFNetwork.framework */; };
		29723080180F8FF2002B5F75 /* CoreLocation.framework in Frameworks */ = {isa = PBXBuildFile; fileRef = 2972307F180F8FF2002B5F75 /* CoreLocation.framework */; };
		29723082180F8FF9002B5F75 /* libz.1.1.3.dylib in Frameworks */ = {isa = PBXBuildFile; fileRef = 29723081180F8FF9002B5F75 /* libz.1.1.3.dylib */; };
		29723084180F8FFF002B5F75 /* MobileCoreServices.framework in Frameworks */ = {isa = PBXBuildFile; fileRef = 29723083180F8FFF002B5F75 /* MobileCoreServices.framework */; };
		29723086180F9004002B5F75 /* QuartzCore.framework in Frameworks */ = {isa = PBXBuildFile; fileRef = 29723085180F9004002B5F75 /* QuartzCore.framework */; };
		29723088180F9009002B5F75 /* Security.framework in Frameworks */ = {isa = PBXBuildFile; fileRef = 29723087180F9009002B5F75 /* Security.framework */; };
		2972308C180F9015002B5F75 /* SystemConfiguration.framework in Frameworks */ = {isa = PBXBuildFile; fileRef = 2972308B180F9015002B5F75 /* SystemConfiguration.framework */; };
		2994768519F31B50000DEFD8 /* Images.xcassets in Resources */ = {isa = PBXBuildFile; fileRef = 2994768419F31B50000DEFD8 /* Images.xcassets */; };
		29ACB3101A55C4F9009305DB /* TODO.rtf in Resources */ = {isa = PBXBuildFile; fileRef = 29ACB30F1A55C4F9009305DB /* TODO.rtf */; };
		29BF3A56166C1E2E00697D7F /* SummaryControllerViewController.m in Sources */ = {isa = PBXBuildFile; fileRef = 29BF3A55166C1E2E00697D7F /* SummaryControllerViewController.m */; };
/* End PBXBuildFile section */

/* Begin PBXContainerItemProxy section */
		293BEA0215B2034C00FD2853 /* PBXContainerItemProxy */ = {
			isa = PBXContainerItemProxy;
			containerPortal = 293BE9D015B2034C00FD2853 /* Project object */;
			proxyType = 1;
			remoteGlobalIDString = 293BE9D815B2034C00FD2853;
			remoteInfo = math;
		};
/* End PBXContainerItemProxy section */

/* Begin PBXFileReference section */
		293BE9D915B2034C00FD2853 /* math time.app */ = {isa = PBXFileReference; explicitFileType = wrapper.application; includeInIndex = 0; path = "math time.app"; sourceTree = BUILT_PRODUCTS_DIR; };
		293BE9DD15B2034C00FD2853 /* UIKit.framework */ = {isa = PBXFileReference; lastKnownFileType = wrapper.framework; name = UIKit.framework; path = System/Library/Frameworks/UIKit.framework; sourceTree = SDKROOT; };
		293BE9DF15B2034C00FD2853 /* Foundation.framework */ = {isa = PBXFileReference; lastKnownFileType = wrapper.framework; name = Foundation.framework; path = System/Library/Frameworks/Foundation.framework; sourceTree = SDKROOT; };
		293BE9E115B2034C00FD2853 /* CoreGraphics.framework */ = {isa = PBXFileReference; lastKnownFileType = wrapper.framework; name = CoreGraphics.framework; path = System/Library/Frameworks/CoreGraphics.framework; sourceTree = SDKROOT; };
		293BE9E515B2034C00FD2853 /* math-Info.plist */ = {isa = PBXFileReference; lastKnownFileType = text.plist.xml; path = "math-Info.plist"; sourceTree = "<group>"; };
		293BE9E715B2034C00FD2853 /* en */ = {isa = PBXFileReference; lastKnownFileType = text.plist.strings; name = en; path = en.lproj/InfoPlist.strings; sourceTree = "<group>"; };
		293BE9E915B2034C00FD2853 /* main.m */ = {isa = PBXFileReference; lastKnownFileType = sourcecode.c.objc; path = main.m; sourceTree = "<group>"; };
		293BE9EB15B2034C00FD2853 /* math-Prefix.pch */ = {isa = PBXFileReference; lastKnownFileType = sourcecode.c.h; path = "math-Prefix.pch"; sourceTree = "<group>"; };
		293BE9EC15B2034C00FD2853 /* AppDelegate.h */ = {isa = PBXFileReference; lastKnownFileType = sourcecode.c.h; path = AppDelegate.h; sourceTree = "<group>"; };
		293BE9ED15B2034C00FD2853 /* AppDelegate.m */ = {isa = PBXFileReference; lastKnownFileType = sourcecode.c.objc; path = AppDelegate.m; sourceTree = "<group>"; };
		293BE9F015B2034C00FD2853 /* en */ = {isa = PBXFileReference; lastKnownFileType = file.storyboard; name = en; path = en.lproj/MainStoryboard_iPhone.storyboard; sourceTree = "<group>"; };
		293BE9F315B2034C00FD2853 /* en */ = {isa = PBXFileReference; lastKnownFileType = file.storyboard; name = en; path = en.lproj/MainStoryboard_iPad.storyboard; sourceTree = "<group>"; };
		293BE9F515B2034C00FD2853 /* GameViewController.h */ = {isa = PBXFileReference; lastKnownFileType = sourcecode.c.h; path = GameViewController.h; sourceTree = "<group>"; };
		293BE9F615B2034C00FD2853 /* GameViewController.m */ = {isa = PBXFileReference; lastKnownFileType = sourcecode.c.objc; path = GameViewController.m; sourceTree = "<group>"; };
		293BE9FD15B2034C00FD2853 /* mathTests.octest */ = {isa = PBXFileReference; explicitFileType = wrapper.cfbundle; includeInIndex = 0; path = mathTests.octest; sourceTree = BUILT_PRODUCTS_DIR; };
		293BE9FE15B2034C00FD2853 /* SenTestingKit.framework */ = {isa = PBXFileReference; lastKnownFileType = wrapper.framework; name = SenTestingKit.framework; path = Library/Frameworks/SenTestingKit.framework; sourceTree = DEVELOPER_DIR; };
		293BEA0615B2034C00FD2853 /* mathTests-Info.plist */ = {isa = PBXFileReference; lastKnownFileType = text.plist.xml; path = "mathTests-Info.plist"; sourceTree = "<group>"; };
		293BEA0815B2034C00FD2853 /* en */ = {isa = PBXFileReference; lastKnownFileType = text.plist.strings; name = en; path = en.lproj/InfoPlist.strings; sourceTree = "<group>"; };
		293BEA0A15B2034C00FD2853 /* mathTests.h */ = {isa = PBXFileReference; lastKnownFileType = sourcecode.c.h; path = mathTests.h; sourceTree = "<group>"; };
		293BEA0B15B2034C00FD2853 /* mathTests.m */ = {isa = PBXFileReference; lastKnownFileType = sourcecode.c.objc; path = mathTests.m; sourceTree = "<group>"; };
		293BEA1715B3386700FD2853 /* homeViewControllerViewController.h */ = {isa = PBXFileReference; fileEncoding = 4; lastKnownFileType = sourcecode.c.h; path = homeViewControllerViewController.h; sourceTree = "<group>"; };
		293BEA1815B3386700FD2853 /* homeViewControllerViewController.m */ = {isa = PBXFileReference; fileEncoding = 4; lastKnownFileType = sourcecode.c.objc; path = homeViewControllerViewController.m; sourceTree = "<group>"; };
		295C99AC19D8B6C20055C2C5 /* HistoryViewController.h */ = {isa = PBXFileReference; fileEncoding = 4; lastKnownFileType = sourcecode.c.h; path = HistoryViewController.h; sourceTree = "<group>"; };
		295C99AD19D8B6C20055C2C5 /* HistoryViewController.m */ = {isa = PBXFileReference; fileEncoding = 4; lastKnownFileType = sourcecode.c.objc; path = HistoryViewController.m; sourceTree = "<group>"; };
		29723079180F8FB4002B5F75 /* Parse.framework */ = {isa = PBXFileReference; lastKnownFileType = wrapper.framework; path = Parse.framework; sourceTree = "<group>"; };
		2972307B180F8FE1002B5F75 /* AudioToolbox.framework */ = {isa = PBXFileReference; lastKnownFileType = wrapper.framework; name = AudioToolbox.framework; path = System/Library/Frameworks/AudioToolbox.framework; sourceTree = SDKROOT; };
		2972307D180F8FE7002B5F75 /* CFNetwork.framework */ = {isa = PBXFileReference; lastKnownFileType = wrapper.framework; name = CFNetwork.framework; path = System/Library/Frameworks/CFNetwork.framework; sourceTree = SDKROOT; };
		2972307F180F8FF2002B5F75 /* CoreLocation.framework */ = {isa = PBXFileReference; lastKnownFileType = wrapper.framework; name = CoreLocation.framework; path = System/Library/Frameworks/CoreLocation.framework; sourceTree = SDKROOT; };
		29723081180F8FF9002B5F75 /* libz.1.1.3.dylib */ = {isa = PBXFileReference; lastKnownFileType = "compiled.mach-o.dylib"; name = libz.1.1.3.dylib; path = usr/lib/libz.1.1.3.dylib; sourceTree = SDKROOT; };
		29723083180F8FFF002B5F75 /* MobileCoreServices.framework */ = {isa = PBXFileReference; lastKnownFileType = wrapper.framework; name = MobileCoreServices.framework; path = System/Library/Frameworks/MobileCoreServices.framework; sourceTree = SDKROOT; };
		29723085180F9004002B5F75 /* QuartzCore.framework */ = {isa = PBXFileReference; lastKnownFileType = wrapper.framework; name = QuartzCore.framework; path = System/Library/Frameworks/QuartzCore.framework; sourceTree = SDKROOT; };
		29723087180F9009002B5F75 /* Security.framework */ = {isa = PBXFileReference; lastKnownFileType = wrapper.framework; name = Security.framework; path = System/Library/Frameworks/Security.framework; sourceTree = SDKROOT; };
		2972308B180F9015002B5F75 /* SystemConfiguration.framework */ = {isa = PBXFileReference; lastKnownFileType = wrapper.framework; name = SystemConfiguration.framework; path = System/Library/Frameworks/SystemConfiguration.framework; sourceTree = SDKROOT; };
		2994768419F31B50000DEFD8 /* Images.xcassets */ = {isa = PBXFileReference; lastKnownFileType = folder.assetcatalog; path = Images.xcassets; sourceTree = "<group>"; };
		29ACB30F1A55C4F9009305DB /* TODO.rtf */ = {isa = PBXFileReference; fileEncoding = 4; lastKnownFileType = text.rtf; path = TODO.rtf; sourceTree = "<group>"; };
		29BF3A54166C1E2E00697D7F /* SummaryControllerViewController.h */ = {isa = PBXFileReference; fileEncoding = 4; lastKnownFileType = sourcecode.c.h; path = SummaryControllerViewController.h; sourceTree = "<group>"; };
		29BF3A55166C1E2E00697D7F /* SummaryControllerViewController.m */ = {isa = PBXFileReference; fileEncoding = 4; lastKnownFileType = sourcecode.c.objc; path = SummaryControllerViewController.m; sourceTree = "<group>"; };
/* End PBXFileReference section */

/* Begin PBXFrameworksBuildPhase section */
		293BE9D615B2034C00FD2853 /* Frameworks */ = {
			isa = PBXFrameworksBuildPhase;
			buildActionMask = 2147483647;
			files = (
				295C99AA19D892FC0055C2C5 /* Parse.framework in Frameworks */,
				2972308C180F9015002B5F75 /* SystemConfiguration.framework in Frameworks */,
				29723088180F9009002B5F75 /* Security.framework in Frameworks */,
				29723086180F9004002B5F75 /* QuartzCore.framework in Frameworks */,
				29723084180F8FFF002B5F75 /* MobileCoreServices.framework in Frameworks */,
				29723082180F8FF9002B5F75 /* libz.1.1.3.dylib in Frameworks */,
				29723080180F8FF2002B5F75 /* CoreLocation.framework in Frameworks */,
				293BE9E215B2034C00FD2853 /* CoreGraphics.framework in Frameworks */,
				2972307E180F8FE7002B5F75 /* CFNetwork.framework in Frameworks */,
				2972307C180F8FE1002B5F75 /* AudioToolbox.framework in Frameworks */,
				293BE9DE15B2034C00FD2853 /* UIKit.framework in Frameworks */,
				293BE9E015B2034C00FD2853 /* Foundation.framework in Frameworks */,
			);
			runOnlyForDeploymentPostprocessing = 0;
		};
		293BE9F915B2034C00FD2853 /* Frameworks */ = {
			isa = PBXFrameworksBuildPhase;
			buildActionMask = 2147483647;
			files = (
				293BE9FF15B2034C00FD2853 /* SenTestingKit.framework in Frameworks */,
				293BEA0015B2034C00FD2853 /* UIKit.framework in Frameworks */,
				293BEA0115B2034C00FD2853 /* Foundation.framework in Frameworks */,
			);
			runOnlyForDeploymentPostprocessing = 0;
		};
/* End PBXFrameworksBuildPhase section */

/* Begin PBXGroup section */
		293BE9CE15B2034C00FD2853 = {
			isa = PBXGroup;
			children = (
				293BE9E315B2034C00FD2853 /* math time */,
				293BEA0415B2034C00FD2853 /* mathTests */,
				293BE9DC15B2034C00FD2853 /* Frameworks */,
				293BE9DA15B2034C00FD2853 /* Products */,
			);
			sourceTree = "<group>";
		};
		293BE9DA15B2034C00FD2853 /* Products */ = {
			isa = PBXGroup;
			children = (
				293BE9D915B2034C00FD2853 /* math time.app */,
				293BE9FD15B2034C00FD2853 /* mathTests.octest */,
			);
			name = Products;
			sourceTree = "<group>";
		};
		293BE9DC15B2034C00FD2853 /* Frameworks */ = {
			isa = PBXGroup;
			children = (
				2972308B180F9015002B5F75 /* SystemConfiguration.framework */,
				29723087180F9009002B5F75 /* Security.framework */,
				29723085180F9004002B5F75 /* QuartzCore.framework */,
				29723083180F8FFF002B5F75 /* MobileCoreServices.framework */,
				29723081180F8FF9002B5F75 /* libz.1.1.3.dylib */,
				2972307F180F8FF2002B5F75 /* CoreLocation.framework */,
				2972307D180F8FE7002B5F75 /* CFNetwork.framework */,
				2972307B180F8FE1002B5F75 /* AudioToolbox.framework */,
				29723079180F8FB4002B5F75 /* Parse.framework */,
				293BE9DD15B2034C00FD2853 /* UIKit.framework */,
				293BE9DF15B2034C00FD2853 /* Foundation.framework */,
				293BE9E115B2034C00FD2853 /* CoreGraphics.framework */,
				293BE9FE15B2034C00FD2853 /* SenTestingKit.framework */,
			);
			name = Frameworks;
			sourceTree = "<group>";
		};
		293BE9E315B2034C00FD2853 /* math time */ = {
			isa = PBXGroup;
			children = (
				29ACB30F1A55C4F9009305DB /* TODO.rtf */,
				293BE9EC15B2034C00FD2853 /* AppDelegate.h */,
				293BE9ED15B2034C00FD2853 /* AppDelegate.m */,
				293BE9EF15B2034C00FD2853 /* MainStoryboard_iPhone.storyboard */,
				293BE9F215B2034C00FD2853 /* MainStoryboard_iPad.storyboard */,
				293BEA1715B3386700FD2853 /* homeViewControllerViewController.h */,
				293BEA1815B3386700FD2853 /* homeViewControllerViewController.m */,
				293BE9F515B2034C00FD2853 /* GameViewController.h */,
				293BE9F615B2034C00FD2853 /* GameViewController.m */,
				29BF3A54166C1E2E00697D7F /* SummaryControllerViewController.h */,
				29BF3A55166C1E2E00697D7F /* SummaryControllerViewController.m */,
				295C99AC19D8B6C20055C2C5 /* HistoryViewController.h */,
				295C99AD19D8B6C20055C2C5 /* HistoryViewController.m */,
				2994768419F31B50000DEFD8 /* Images.xcassets */,
				293BE9E415B2034C00FD2853 /* Supporting Files */,
			);
			name = "math time";
			path = math;
			sourceTree = "<group>";
		};
		293BE9E415B2034C00FD2853 /* Supporting Files */ = {
			isa = PBXGroup;
			children = (
				2942306F19F31D8B000180EF /* icons */,
				293BE9E515B2034C00FD2853 /* math-Info.plist */,
				293BE9E615B2034C00FD2853 /* InfoPlist.strings */,
				293BE9E915B2034C00FD2853 /* main.m */,
				293BE9EB15B2034C00FD2853 /* math-Prefix.pch */,
			);
			name = "Supporting Files";
			sourceTree = "<group>";
		};
		293BEA0415B2034C00FD2853 /* mathTests */ = {
			isa = PBXGroup;
			children = (
				293BEA0A15B2034C00FD2853 /* mathTests.h */,
				293BEA0B15B2034C00FD2853 /* mathTests.m */,
				293BEA0515B2034C00FD2853 /* Supporting Files */,
			);
			path = mathTests;
			sourceTree = "<group>";
		};
		293BEA0515B2034C00FD2853 /* Supporting Files */ = {
			isa = PBXGroup;
			children = (
				293BEA0615B2034C00FD2853 /* mathTests-Info.plist */,
				293BEA0715B2034C00FD2853 /* InfoPlist.strings */,
			);
			name = "Supporting Files";
			sourceTree = "<group>";
		};
		2942306F19F31D8B000180EF /* icons */ = {
			isa = PBXGroup;
			children = (
			);
			path = icons;
			sourceTree = "<group>";
		};
/* End PBXGroup section */

/* Begin PBXNativeTarget section */
		293BE9D815B2034C00FD2853 /* math time */ = {
			isa = PBXNativeTarget;
			buildConfigurationList = 293BEA0F15B2034C00FD2853 /* Build configuration list for PBXNativeTarget "math time" */;
			buildPhases = (
				293BE9D515B2034C00FD2853 /* Sources */,
				293BE9D615B2034C00FD2853 /* Frameworks */,
				293BE9D715B2034C00FD2853 /* Resources */,
			);
			buildRules = (
			);
			dependencies = (
			);
			name = "math time";
			productName = math;
			productReference = 293BE9D915B2034C00FD2853 /* math time.app */;
			productType = "com.apple.product-type.application";
		};
		293BE9FC15B2034C00FD2853 /* mathTests */ = {
			isa = PBXNativeTarget;
			buildConfigurationList = 293BEA1215B2034C00FD2853 /* Build configuration list for PBXNativeTarget "mathTests" */;
			buildPhases = (
				293BE9F815B2034C00FD2853 /* Sources */,
				293BE9F915B2034C00FD2853 /* Frameworks */,
				293BE9FA15B2034C00FD2853 /* Resources */,
				293BE9FB15B2034C00FD2853 /* ShellScript */,
			);
			buildRules = (
			);
			dependencies = (
				293BEA0315B2034C00FD2853 /* PBXTargetDependency */,
			);
			name = mathTests;
			productName = mathTests;
			productReference = 293BE9FD15B2034C00FD2853 /* mathTests.octest */;
			productType = "com.apple.product-type.bundle.ocunit-test";
		};
/* End PBXNativeTarget section */

/* Begin PBXProject section */
		293BE9D015B2034C00FD2853 /* Project object */ = {
			isa = PBXProject;
			attributes = {
				LastTestingUpgradeCheck = 0610;
				LastUpgradeCheck = 0430;
				TargetAttributes = {
					293BE9D815B2034C00FD2853 = {
						DevelopmentTeam = BZA346ECDG;
						SystemCapabilities = {
							com.apple.InAppPurchase = {
								enabled = 0;
							};
						};
					};
				};
			};
			buildConfigurationList = 293BE9D315B2034C00FD2853 /* Build configuration list for PBXProject "fun.math" */;
			compatibilityVersion = "Xcode 3.2";
			developmentRegion = English;
			hasScannedForEncodings = 0;
			knownRegions = (
				en,
			);
			mainGroup = 293BE9CE15B2034C00FD2853;
			productRefGroup = 293BE9DA15B2034C00FD2853 /* Products */;
			projectDirPath = "";
			projectRoot = "";
			targets = (
				293BE9D815B2034C00FD2853 /* math time */,
				293BE9FC15B2034C00FD2853 /* mathTests */,
			);
		};
/* End PBXProject section */

/* Begin PBXResourcesBuildPhase section */
		293BE9D715B2034C00FD2853 /* Resources */ = {
			isa = PBXResourcesBuildPhase;
			buildActionMask = 2147483647;
			files = (
				29ACB3101A55C4F9009305DB /* TODO.rtf in Resources */,
				2994768519F31B50000DEFD8 /* Images.xcassets in Resources */,
				293BE9E815B2034C00FD2853 /* InfoPlist.strings in Resources */,
				293BE9F115B2034C00FD2853 /* MainStoryboard_iPhone.storyboard in Resources */,
				293BE9F415B2034C00FD2853 /* MainStoryboard_iPad.storyboard in Resources */,
			);
			runOnlyForDeploymentPostprocessing = 0;
		};
		293BE9FA15B2034C00FD2853 /* Resources */ = {
			isa = PBXResourcesBuildPhase;
			buildActionMask = 2147483647;
			files = (
				293BEA0915B2034C00FD2853 /* InfoPlist.strings in Resources */,
			);
			runOnlyForDeploymentPostprocessing = 0;
		};
/* End PBXResourcesBuildPhase section */

/* Begin PBXShellScriptBuildPhase section */
		293BE9FB15B2034C00FD2853 /* ShellScript */ = {
			isa = PBXShellScriptBuildPhase;
			buildActionMask = 2147483647;
			files = (
			);
			inputPaths = (
			);
			outputPaths = (
			);
			runOnlyForDeploymentPostprocessing = 0;
			shellPath = /bin/sh;
			shellScript = "# Run the unit tests in this test bundle.\n\"${SYSTEM_DEVELOPER_DIR}/Tools/RunUnitTests\"\n";
		};
/* End PBXShellScriptBuildPhase section */

/* Begin PBXSourcesBuildPhase section */
		293BE9D515B2034C00FD2853 /* Sources */ = {
			isa = PBXSourcesBuildPhase;
			buildActionMask = 2147483647;
			files = (
				293BE9EA15B2034C00FD2853 /* main.m in Sources */,
				293BE9EE15B2034C00FD2853 /* AppDelegate.m in Sources */,
				293BE9F715B2034C00FD2853 /* GameViewController.m in Sources */,
				293BEA1915B3386700FD2853 /* homeViewControllerViewController.m in Sources */,
				29BF3A56166C1E2E00697D7F /* SummaryControllerViewController.m in Sources */,
				295C99AE19D8B6C20055C2C5 /* HistoryViewController.m in Sources */,
			);
			runOnlyForDeploymentPostprocessing = 0;
		};
		293BE9F815B2034C00FD2853 /* Sources */ = {
			isa = PBXSourcesBuildPhase;
			buildActionMask = 2147483647;
			files = (
				293BEA0C15B2034C00FD2853 /* mathTests.m in Sources */,
			);
			runOnlyForDeploymentPostprocessing = 0;
		};
/* End PBXSourcesBuildPhase section */

/* Begin PBXTargetDependency section */
		293BEA0315B2034C00FD2853 /* PBXTargetDependency */ = {
			isa = PBXTargetDependency;
			target = 293BE9D815B2034C00FD2853 /* math time */;
			targetProxy = 293BEA0215B2034C00FD2853 /* PBXContainerItemProxy */;
		};
/* End PBXTargetDependency section */

/* Begin PBXVariantGroup section */
		293BE9E615B2034C00FD2853 /* InfoPlist.strings */ = {
			isa = PBXVariantGroup;
			children = (
				293BE9E715B2034C00FD2853 /* en */,
			);
			name = InfoPlist.strings;
			sourceTree = "<group>";
		};
		293BE9EF15B2034C00FD2853 /* MainStoryboard_iPhone.storyboard */ = {
			isa = PBXVariantGroup;
			children = (
				293BE9F015B2034C00FD2853 /* en */,
			);
			name = MainStoryboard_iPhone.storyboard;
			sourceTree = "<group>";
		};
		293BE9F215B2034C00FD2853 /* MainStoryboard_iPad.storyboard */ = {
			isa = PBXVariantGroup;
			children = (
				293BE9F315B2034C00FD2853 /* en */,
			);
			name = MainStoryboard_iPad.storyboard;
			sourceTree = "<group>";
		};
		293BEA0715B2034C00FD2853 /* InfoPlist.strings */ = {
			isa = PBXVariantGroup;
			children = (
				293BEA0815B2034C00FD2853 /* en */,
			);
			name = InfoPlist.strings;
			sourceTree = "<group>";
		};
/* End PBXVariantGroup section */

/* Begin XCBuildConfiguration section */
		293BEA0D15B2034C00FD2853 /* Debug */ = {
			isa = XCBuildConfiguration;
			buildSettings = {
				ALWAYS_SEARCH_USER_PATHS = NO;
				ARCHS = "$(ARCHS_STANDARD_32_BIT)";
				CLANG_ENABLE_OBJC_ARC = YES;
				"CODE_SIGN_IDENTITY[sdk=iphoneos*]" = "iPhone Developer";
				COPY_PHASE_STRIP = NO;
				GCC_C_LANGUAGE_STANDARD = gnu99;
				GCC_DYNAMIC_NO_PIC = NO;
				GCC_OPTIMIZATION_LEVEL = 0;
				GCC_PREPROCESSOR_DEFINITIONS = (
					"DEBUG=1",
					"$(inherited)",
				);
				GCC_SYMBOLS_PRIVATE_EXTERN = NO;
				GCC_VERSION = com.apple.compilers.llvm.clang.1_0;
				GCC_WARN_ABOUT_RETURN_TYPE = YES;
				GCC_WARN_UNINITIALIZED_AUTOS = YES;
				GCC_WARN_UNUSED_VARIABLE = YES;
				IPHONEOS_DEPLOYMENT_TARGET = 5.0;
				SDKROOT = iphoneos;
				TARGETED_DEVICE_FAMILY = "1,2";
			};
			name = Debug;
		};
		293BEA0E15B2034C00FD2853 /* Release */ = {
			isa = XCBuildConfiguration;
			buildSettings = {
				ALWAYS_SEARCH_USER_PATHS = NO;
				ARCHS = "$(ARCHS_STANDARD_32_BIT)";
				CLANG_ENABLE_OBJC_ARC = YES;
				"CODE_SIGN_IDENTITY[sdk=iphoneos*]" = "iPhone Developer";
				COPY_PHASE_STRIP = YES;
				GCC_C_LANGUAGE_STANDARD = gnu99;
				GCC_VERSION = com.apple.compilers.llvm.clang.1_0;
				GCC_WARN_ABOUT_RETURN_TYPE = YES;
				GCC_WARN_UNINITIALIZED_AUTOS = YES;
				GCC_WARN_UNUSED_VARIABLE = YES;
				IPHONEOS_DEPLOYMENT_TARGET = 5.0;
				OTHER_CFLAGS = "-DNS_BLOCK_ASSERTIONS=1";
				SDKROOT = iphoneos;
				TARGETED_DEVICE_FAMILY = "1,2";
				VALIDATE_PRODUCT = YES;
			};
			name = Release;
		};
		293BEA1015B2034C00FD2853 /* Debug */ = {
			isa = XCBuildConfiguration;
			buildSettings = {
				ARCHS = "$(ARCHS_STANDARD)";
				ASSETCATALOG_COMPILER_APPICON_NAME = AppIcon;
				ASSETCATALOG_COMPILER_LAUNCHIMAGE_NAME = LaunchImage;
				CODE_SIGN_IDENTITY = "iPhone Distribution";
				"CODE_SIGN_IDENTITY[sdk=iphoneos*]" = "iPhone Developer";
				FRAMEWORK_SEARCH_PATHS = (
					"$(inherited)",
					/Users/jeffhuang/Documents/Personal/math,
					"$(PROJECT_DIR)",
				);
				GCC_PRECOMPILE_PREFIX_HEADER = YES;
				GCC_PREFIX_HEADER = "math/math-Prefix.pch";
				INFOPLIST_FILE = "math/math-Info.plist";
				IPHONEOS_DEPLOYMENT_TARGET = 5.1.1;
				PRODUCT_NAME = "$(TARGET_NAME)";
				PROVISIONING_PROFILE = "";
				TARGETED_DEVICE_FAMILY = 1;
				WRAPPER_EXTENSION = app;
			};
			name = Debug;
		};
		293BEA1115B2034C00FD2853 /* Release */ = {
			isa = XCBuildConfiguration;
			buildSettings = {
				ARCHS = "$(ARCHS_STANDARD)";
				ASSETCATALOG_COMPILER_APPICON_NAME = AppIcon;
				ASSETCATALOG_COMPILER_LAUNCHIMAGE_NAME = LaunchImage;
				CODE_SIGN_IDENTITY = "iPhone Distribution";
				"CODE_SIGN_IDENTITY[sdk=iphoneos*]" = "iPhone Developer";
				FRAMEWORK_SEARCH_PATHS = (
					"$(inherited)",
					/Users/jeffhuang/Documents/Personal/math,
					"$(PROJECT_DIR)",
				);
				GCC_PRECOMPILE_PREFIX_HEADER = YES;
				GCC_PREFIX_HEADER = "math/math-Prefix.pch";
				INFOPLIST_FILE = "math/math-Info.plist";
				IPHONEOS_DEPLOYMENT_TARGET = 5.1.1;
				PRODUCT_NAME = "$(TARGET_NAME)";
				PROVISIONING_PROFILE = "";
				TARGETED_DEVICE_FAMILY = 1;
				WRAPPER_EXTENSION = app;
			};
			name = Release;
		};
		293BEA1315B2034C00FD2853 /* Debug */ = {
			isa = XCBuildConfiguration;
			buildSettings = {
				BUNDLE_LOADER = "$(BUILT_PRODUCTS_DIR)/math.app/math";
				FRAMEWORK_SEARCH_PATHS = (
					"$(SDKROOT)/Developer/Library/Frameworks",
					"$(DEVELOPER_LIBRARY_DIR)/Frameworks",
				);
				GCC_PRECOMPILE_PREFIX_HEADER = YES;
				GCC_PREFIX_HEADER = "math/math-Prefix.pch";
				INFOPLIST_FILE = "mathTests/mathTests-Info.plist";
				PRODUCT_NAME = "$(TARGET_NAME)";
				TEST_HOST = "$(BUNDLE_LOADER)";
				WRAPPER_EXTENSION = octest;
			};
			name = Debug;
		};
		293BEA1415B2034C00FD2853 /* Release */ = {
			isa = XCBuildConfiguration;
			buildSettings = {
				BUNDLE_LOADER = "$(BUILT_PRODUCTS_DIR)/math.app/math";
				FRAMEWORK_SEARCH_PATHS = (
					"$(SDKROOT)/Developer/Library/Frameworks",
					"$(DEVELOPER_LIBRARY_DIR)/Frameworks",
				);
				GCC_PRECOMPILE_PREFIX_HEADER = YES;
				GCC_PREFIX_HEADER = "math/math-Prefix.pch";
				INFOPLIST_FILE = "mathTests/mathTests-Info.plist";
				PRODUCT_NAME = "$(TARGET_NAME)";
				TEST_HOST = "$(BUNDLE_LOADER)";
				WRAPPER_EXTENSION = octest;
			};
			name = Release;
		};
/* End XCBuildConfiguration section */

/* Begin XCConfigurationList section */
		293BE9D315B2034C00FD2853 /* Build configuration list for PBXProject "fun.math" */ = {
			isa = XCConfigurationList;
			buildConfigurations = (
				293BEA0D15B2034C00FD2853 /* Debug */,
				293BEA0E15B2034C00FD2853 /* Release */,
			);
			defaultConfigurationIsVisible = 0;
			defaultConfigurationName = Release;
		};
		293BEA0F15B2034C00FD2853 /* Build configuration list for PBXNativeTarget "math time" */ = {
			isa = XCConfigurationList;
			buildConfigurations = (
				293BEA1015B2034C00FD2853 /* Debug */,
				293BEA1115B2034C00FD2853 /* Release */,
			);
			defaultConfigurationIsVisible = 0;
			defaultConfigurationName = Release;
		};
		293BEA1215B2034C00FD2853 /* Build configuration list for PBXNativeTarget "mathTests" */ = {
			isa = XCConfigurationList;
			buildConfigurations = (
				293BEA1315B2034C00FD2853 /* Debug */,
				293BEA1415B2034C00FD2853 /* Release */,
			);
			defaultConfigurationIsVisible = 0;
			defaultConfigurationName = Release;
		};
/* End XCConfigurationList section */
	};
	rootObject = 293BE9D015B2034C00FD2853 /* Project object */;
}
